
Microsoft Visual Studio Solution File, Format Version 12.00
# Visual Studio Version 17
VisualStudioVersion = 17.5.33627.172
MinimumVisualStudioVersion = 10.0.40219.1
Project("{FAE04EC0-301F-11D3-BF4B-00C04F79EFBC}") = "Lab_9b", "Lab_9b.csproj", "{22E25B33-A8BF-446C-A0F0-1B6C620CAF05}"
EndProject
Global
	GlobalSection(SolutionConfigurationPlatforms) = preSolution
		Debug|Any CPU = Debug|Any CPU
		Release|Any CPU = Release|Any CPU
	EndGlobalSection
	GlobalSection(ProjectConfigurationPlatforms) = postSolution
		{22E25B33-A8BF-446C-A0F0-1B6C620CAF05}.Debug|Any CPU.ActiveCfg = Debug|Any CPU
		{22E25B33-A8BF-446C-A0F0-1B6C620CAF05}.Debug|Any CPU.Build.0 = Debug|Any CPU
		{22E25B33-A8BF-446C-A0F0-1B6C620CAF05}.Release|Any CPU.ActiveCfg = Release|Any CPU
		{22E25B33-A8BF-446C-A0F0-1B6C620CAF05}.Release|Any CPU.Build.0 = Release|Any CPU
	EndGlobalSection
	GlobalSection(SolutionProperties) = preSolution
		HideSolutionNode = FALSE
	EndGlobalSection
	GlobalSection(ExtensibilityGlobals) = postSolution
		SolutionGuid = {5348A976-C526-4304-800E-C214C8248D6C}
	EndGlobalSection
EndGlobal
